// !$*UTF8*$!
{
	archiveVersion = 1;
	classes = {
	};
	objectVersion = 46;
	objects = {

/* Begin PBXBuildFile section */
		DD410A2C1475AB7000258FD5 /* UIKit.framework in Frameworks */ = {isa = PBXBuildFile; fileRef = DD410A2B1475AB7000258FD5 /* UIKit.framework */; };
		DD410A2E1475AB7000258FD5 /* Foundation.framework in Frameworks */ = {isa = PBXBuildFile; fileRef = DD410A2D1475AB7000258FD5 /* Foundation.framework */; };
		DD410A301475AB7000258FD5 /* CoreGraphics.framework in Frameworks */ = {isa = PBXBuildFile; fileRef = DD410A2F1475AB7000258FD5 /* CoreGraphics.framework */; };
		DD410A361475AB7000258FD5 /* InfoPlist.strings in Resources */ = {isa = PBXBuildFile; fileRef = DD410A341475AB7000258FD5 /* InfoPlist.strings */; };
		DD410A381475AB7000258FD5 /* main.m in Sources */ = {isa = PBXBuildFile; fileRef = DD410A371475AB7000258FD5 /* main.m */; };
		DD410A3C1475AB7000258FD5 /* ControllFunAppDelegate.m in Sources */ = {isa = PBXBuildFile; fileRef = DD410A3B1475AB7000258FD5 /* ControllFunAppDelegate.m */; };
		DD410A3F1475AB7000258FD5 /* MainWindow.xib in Resources */ = {isa = PBXBuildFile; fileRef = DD410A3D1475AB7000258FD5 /* MainWindow.xib */; };
		DD410A421475AB7000258FD5 /* ControllFunViewController.m in Sources */ = {isa = PBXBuildFile; fileRef = DD410A411475AB7000258FD5 /* ControllFunViewController.m */; };
		DD410A451475AB7000258FD5 /* ControllFunViewController.xib in Resources */ = {isa = PBXBuildFile; fileRef = DD410A431475AB7000258FD5 /* ControllFunViewController.xib */; };
/* End PBXBuildFile section */

/* Begin PBXFileReference section */
		DD410A271475AB7000258FD5 /* ControllFun.app */ = {isa = PBXFileReference; explicitFileType = wrapper.application; includeInIndex = 0; path = ControllFun.app; sourceTree = BUILT_PRODUCTS_DIR; };
		DD410A2B1475AB7000258FD5 /* UIKit.framework */ = {isa = PBXFileReference; lastKnownFileType = wrapper.framework; name = UIKit.framework; path = System/Library/Frameworks/UIKit.framework; sourceTree = SDKROOT; };
		DD410A2D1475AB7000258FD5 /* Foundation.framework */ = {isa = PBXFileReference; lastKnownFileType = wrapper.framework; name = Foundation.framework; path = System/Library/Frameworks/Foundation.framework; sourceTree = SDKROOT; };
		DD410A2F1475AB7000258FD5 /* CoreGraphics.framework */ = {isa = PBXFileReference; lastKnownFileType = wrapper.framework; name = CoreGraphics.framework; path = System/Library/Frameworks/CoreGraphics.framework; sourceTree = SDKROOT; };
		DD410A331475AB7000258FD5 /* ControllFun-Info.plist */ = {isa = PBXFileReference; path = "ControllFun-Info.plist"; sourceTree = "<group>"; };
		DD410A351475AB7000258FD5 /* en */ = {isa = PBXFileReference; lastKnownFileType = text.plist.strings; name = en; path = en.lproj/InfoPlist.strings; sourceTree = "<group>"; };
		DD410A371475AB7000258FD5 /* main.m */ = {isa = PBXFileReference; lastKnownFileType = sourcecode.c.objc; path = main.m; sourceTree = "<group>"; };
		DD410A391475AB7000258FD5 /* ControllFun-Prefix.pch */ = {isa = PBXFileReference; path = "ControllFun-Prefix.pch"; sourceTree = "<group>"; };
		DD410A3A1475AB7000258FD5 /* ControllFunAppDelegate.h */ = {isa = PBXFileReference; path = ControllFunAppDelegate.h; sourceTree = "<group>"; };
		DD410A3B1475AB7000258FD5 /* ControllFunAppDelegate.m */ = {isa = PBXFileReference; lastKnownFileType = sourcecode.c.objc; path = ControllFunAppDelegate.m; sourceTree = "<group>"; };
		DD410A3E1475AB7000258FD5 /* en */ = {isa = PBXFileReference; lastKnownFileType = file.xib; name = en; path = en.lproj/MainWindow.xib; sourceTree = "<group>"; };
		DD410A401475AB7000258FD5 /* ControllFunViewController.h */ = {isa = PBXFileReference; path = ControllFunViewController.h; sourceTree = "<group>"; };
		DD410A411475AB7000258FD5 /* ControllFunViewController.m */ = {isa = PBXFileReference; lastKnownFileType = sourcecode.c.objc; path = ControllFunViewController.m; sourceTree = "<group>"; };
		DD410A441475AB7000258FD5 /* en */ = {isa = PBXFileReference; lastKnownFileType = file.xib; name = en; path = en.lproj/ControllFunViewController.xib; sourceTree = "<group>"; };
/* End PBXFileReference section */

/* Begin PBXFrameworksBuildPhase section */
		DD410A241475AB7000258FD5 /* Frameworks */ = {
			isa = PBXFrameworksBuildPhase;
			buildActionMask = 2147483647;
			files = (
				DD410A2C1475AB7000258FD5 /* UIKit.framework in Frameworks */,
				DD410A2E1475AB7000258FD5 /* Foundation.framework in Frameworks */,
				DD410A301475AB7000258FD5 /* CoreGraphics.framework in Frameworks */,
			);
			runOnlyForDeploymentPostprocessing = 0;
		};
/* End PBXFrameworksBuildPhase section */

/* Begin PBXGroup section */
		DD410A1C1475AB7000258FD5 = {
			isa = PBXGroup;
			children = (
				DD410A311475AB7000258FD5 /* ControllFun */,
				DD410A2A1475AB7000258FD5 /* Frameworks */,
				DD410A281475AB7000258FD5 /* Products */,
			);
			sourceTree = "<group>";
		};
		DD410A281475AB7000258FD5 /* Products */ = {
			isa = PBXGroup;
			children = (
				DD410A271475AB7000258FD5 /* ControllFun.app */,
			);
			name = Products;
			sourceTree = "<group>";
		};
		DD410A2A1475AB7000258FD5 /* Frameworks */ = {
			isa = PBXGroup;
			children = (
				DD410A2B1475AB7000258FD5 /* UIKit.framework */,
				DD410A2D1475AB7000258FD5 /* Foundation.framework */,
				DD410A2F1475AB7000258FD5 /* CoreGraphics.framework */,
			);
			name = Frameworks;
			sourceTree = "<group>";
		};
		DD410A311475AB7000258FD5 /* ControllFun */ = {
			isa = PBXGroup;
			children = (
				DD410A3A1475AB7000258FD5 /* ControllFunAppDelegate.h */,
				DD410A3B1475AB7000258FD5 /* ControllFunAppDelegate.m */,
				DD410A3D1475AB7000258FD5 /* MainWindow.xib */,
				DD410A401475AB7000258FD5 /* ControllFunViewController.h */,
				DD410A411475AB7000258FD5 /* ControllFunViewController.m */,
				DD410A431475AB7000258FD5 /* ControllFunViewController.xib */,
				DD410A321475AB7000258FD5 /* Supporting Files */,
			);
			path = ControllFun;
			sourceTree = "<group>";
		};
		DD410A321475AB7000258FD5 /* Supporting Files */ = {
			isa = PBXGroup;
			children = (
				DD410A331475AB7000258FD5 /* ControllFun-Info.plist */,
				DD410A341475AB7000258FD5 /* InfoPlist.strings */,
				DD410A371475AB7000258FD5 /* main.m */,
				DD410A391475AB7000258FD5 /* ControllFun-Prefix.pch */,
			);
			name = "Supporting Files";
			sourceTree = "<group>";
		};
/* End PBXGroup section */

/* Begin PBXNativeTarget section */
		DD410A261475AB7000258FD5 /* ControllFun */ = {
			isa = PBXNativeTarget;
			buildConfigurationList = DD410A481475AB7000258FD5 /* Build configuration list for PBXNativeTarget "ControllFun" */;
			buildPhases = (
				DD410A231475AB7000258FD5 /* Sources */,
				DD410A241475AB7000258FD5 /* Frameworks */,
				DD410A251475AB7000258FD5 /* Resources */,
			);
			buildRules = (
			);
			dependencies = (
			);
			name = ControllFun;
			productName = ControllFun;
			productReference = DD410A271475AB7000258FD5 /* ControllFun.app */;
			productType = "com.apple.product-type.application";
		};
/* End PBXNativeTarget section */

/* Begin PBXProject section */
		DD410A1E1475AB7000258FD5 /* Project object */ = {
			isa = PBXProject;
			buildConfigurationList = DD410A211475AB7000258FD5 /* Build configuration list for PBXProject "ControllFun" */;
			compatibilityVersion = "Xcode 3.2";
			developmentRegion = English;
			hasScannedForEncodings = 0;
			knownRegions = (
				en,
			);
			mainGroup = DD410A1C1475AB7000258FD5;
			productRefGroup = DD410A281475AB7000258FD5 /* Products */;
			projectDirPath = "";
			projectRoot = "";
			targets = (
				DD410A261475AB7000258FD5 /* ControllFun */,
			);
		};
/* End PBXProject section */

/* Begin PBXResourcesBuildPhase section */
		DD410A251475AB7000258FD5 /* Resources */ = {
			isa = PBXResourcesBuildPhase;
			buildActionMask = 2147483647;
			files = (
				DD410A361475AB7000258FD5 /* InfoPlist.strings in Resources */,
				DD410A3F1475AB7000258FD5 /* MainWindow.xib in Resources */,
				DD410A451475AB7000258FD5 /* ControllFunViewController.xib in Resources */,
			);
			runOnlyForDeploymentPostprocessing = 0;
		};
/* End PBXResourcesBuildPhase section */

/* Begin PBXSourcesBuildPhase section */
		DD410A231475AB7000258FD5 /* Sources */ = {
			isa = PBXSourcesBuildPhase;
			buildActionMask = 2147483647;
			files = (
				DD410A381475AB7000258FD5 /* main.m in Sources */,
				DD410A3C1475AB7000258FD5 /* ControllFunAppDelegate.m in Sources */,
				DD410A421475AB7000258FD5 /* ControllFunViewController.m in Sources */,
			);
			runOnlyForDeploymentPostprocessing = 0;
		};
/* End PBXSourcesBuildPhase section */

/* Begin PBXVariantGroup section */
		DD410A341475AB7000258FD5 /* InfoPlist.strings */ = {
			isa = PBXVariantGroup;
			children = (
				DD410A351475AB7000258FD5 /* en */,
			);
			name = InfoPlist.strings;
			sourceTree = "<group>";
		};
		DD410A3D1475AB7000258FD5 /* MainWindow.xib */ = {
			isa = PBXVariantGroup;
			children = (
				DD410A3E1475AB7000258FD5 /* en */,
			);
			name = MainWindow.xib;
			sourceTree = "<group>";
		};
		DD410A431475AB7000258FD5 /* ControllFunViewController.xib */ = {
			isa = PBXVariantGroup;
			children = (
				DD410A441475AB7000258FD5 /* en */,
			);
			name = ControllFunViewController.xib;
			sourceTree = "<group>";
		};
/* End PBXVariantGroup section */

/* Begin XCBuildConfiguration section */
		DD410A461475AB7000258FD5 /* Debug */ = {
			isa = XCBuildConfiguration;
			buildSettings = {
				ALWAYS_SEARCH_USER_PATHS = NO;
				ARCHS = "$(ARCHS_STANDARD_32_BIT)";
				"CODE_SIGN_IDENTITY[sdk=iphoneos*]" = "iPhone Developer";
				COPY_PHASE_STRIP = NO;
				GCC_C_LANGUAGE_STANDARD = gnu99;
				GCC_DYNAMIC_NO_PIC = NO;
				GCC_OPTIMIZATION_LEVEL = 0;
				GCC_PREPROCESSOR_DEFINITIONS = (
					"DEBUG=1",
					"$(inherited)",
				);
				GCC_SYMBOLS_PRIVATE_EXTERN = NO;
				GCC_VERSION = com.apple.compilers.llvmgcc42;
				GCC_WARN_ABOUT_MISSING_PROTOTYPES = YES;
				GCC_WARN_ABOUT_RETURN_TYPE = YES;
				GCC_WARN_UNUSED_VARIABLE = YES;
				IPHONEOS_DEPLOYMENT_TARGET = 4.3;
				SDKROOT = iphoneos;
			};
			name = Debug;
		};
		DD410A471475AB7000258FD5 /* Release */ = {
			isa = XCBuildConfiguration;
			buildSettings = {
				ALWAYS_SEARCH_USER_PATHS = NO;
				ARCHS = "$(ARCHS_STANDARD_32_BIT)";
				"CODE_SIGN_IDENTITY[sdk=iphoneos*]" = "iPhone Developer";
				COPY_PHASE_STRIP = YES;
				GCC_C_LANGUAGE_STANDARD = gnu99;
				GCC_VERSION = com.apple.compilers.llvmgcc42;
				GCC_WARN_ABOUT_MISSING_PROTOTYPES = YES;
				GCC_WARN_ABOUT_RETURN_TYPE = YES;
				GCC_WARN_UNUSED_VARIABLE = YES;
				IPHONEOS_DEPLOYMENT_TARGET = 4.3;
				OTHER_CFLAGS = "-DNS_BLOCK_ASSERTIONS=1";
				SDKROOT = iphoneos;
				VALIDATE_PRODUCT = YES;
			};
			name = Release;
		};
		DD410A491475AB7000258FD5 /* Debug */ = {
			isa = XCBuildConfiguration;
			buildSettings = {
				GCC_PRECOMPILE_PREFIX_HEADER = YES;
				GCC_PREFIX_HEADER = "ControllFun/ControllFun-Prefix.pch";
				INFOPLIST_FILE = "ControllFun/ControllFun-Info.plist";
				PRODUCT_NAME = "$(TARGET_NAME)";
				WRAPPER_EXTENSION = app;
			};
			name = Debug;
		};
		DD410A4A1475AB7000258FD5 /* Release */ = {
			isa = XCBuildConfiguration;
			buildSettings = {
				GCC_PRECOMPILE_PREFIX_HEADER = YES;
				GCC_PREFIX_HEADER = "ControllFun/ControllFun-Prefix.pch";
				INFOPLIST_FILE = "ControllFun/ControllFun-Info.plist";
				PRODUCT_NAME = "$(TARGET_NAME)";
				WRAPPER_EXTENSION = app;
			};
			name = Release;
		};
/* End XCBuildConfiguration section */

/* Begin XCConfigurationList section */
		DD410A211475AB7000258FD5 /* Build configuration list for PBXProject "ControllFun" */ = {
			isa = XCConfigurationList;
			buildConfigurations = (
				DD410A461475AB7000258FD5 /* Debug */,
				DD410A471475AB7000258FD5 /* Release */,
			);
			defaultConfigurationIsVisible = 0;
			defaultConfigurationName = Release;
		};
		DD410A481475AB7000258FD5 /* Build configuration list for PBXNativeTarget "ControllFun" */ = {
			isa = XCConfigurationList;
			buildConfigurations = (
				DD410A491475AB7000258FD5 /* Debug */,
				DD410A4A1475AB7000258FD5 /* Release */,
			);
			defaultConfigurationIsVisible = 0;
		};
/* End XCConfigurationList section */
	};
	rootObject = DD410A1E1475AB7000258FD5 /* Project object */;
}
