// !$*UTF8*$!
{
	archiveVersion = 1;
	classes = {
	};
	objectVersion = 46;
	objects = {

/* Begin PBXBuildFile section */
		DD8D8D9C1482B24000B275FE /* UIKit.framework in Frameworks */ = {isa = PBXBuildFile; fileRef = DD8D8D9B1482B24000B275FE /* UIKit.framework */; };
		DD8D8D9E1482B24000B275FE /* Foundation.framework in Frameworks */ = {isa = PBXBuildFile; fileRef = DD8D8D9D1482B24000B275FE /* Foundation.framework */; };
		DD8D8DA01482B24000B275FE /* CoreGraphics.framework in Frameworks */ = {isa = PBXBuildFile; fileRef = DD8D8D9F1482B24000B275FE /* CoreGraphics.framework */; };
		DD8D8DA61482B24000B275FE /* InfoPlist.strings in Resources */ = {isa = PBXBuildFile; fileRef = DD8D8DA41482B24000B275FE /* InfoPlist.strings */; };
		DD8D8DA81482B24000B275FE /* main.m in Sources */ = {isa = PBXBuildFile; fileRef = DD8D8DA71482B24000B275FE /* main.m */; };
		DD8D8DAC1482B24000B275FE /* SimpleTableAppDelegate.m in Sources */ = {isa = PBXBuildFile; fileRef = DD8D8DAB1482B24000B275FE /* SimpleTableAppDelegate.m */; };
		DD8D8DAF1482B24000B275FE /* MainWindow.xib in Resources */ = {isa = PBXBuildFile; fileRef = DD8D8DAD1482B24000B275FE /* MainWindow.xib */; };
		DD8D8DB21482B24000B275FE /* SimpleTableViewController.m in Sources */ = {isa = PBXBuildFile; fileRef = DD8D8DB11482B24000B275FE /* SimpleTableViewController.m */; };
		DD8D8DB51482B24000B275FE /* SimpleTableViewController.xib in Resources */ = {isa = PBXBuildFile; fileRef = DD8D8DB31482B24000B275FE /* SimpleTableViewController.xib */; };
/* End PBXBuildFile section */

/* Begin PBXFileReference section */
		DD8D8D971482B24000B275FE /* SimpleTable.app */ = {isa = PBXFileReference; explicitFileType = wrapper.application; includeInIndex = 0; path = SimpleTable.app; sourceTree = BUILT_PRODUCTS_DIR; };
		DD8D8D9B1482B24000B275FE /* UIKit.framework */ = {isa = PBXFileReference; lastKnownFileType = wrapper.framework; name = UIKit.framework; path = System/Library/Frameworks/UIKit.framework; sourceTree = SDKROOT; };
		DD8D8D9D1482B24000B275FE /* Foundation.framework */ = {isa = PBXFileReference; lastKnownFileType = wrapper.framework; name = Foundation.framework; path = System/Library/Frameworks/Foundation.framework; sourceTree = SDKROOT; };
		DD8D8D9F1482B24000B275FE /* CoreGraphics.framework */ = {isa = PBXFileReference; lastKnownFileType = wrapper.framework; name = CoreGraphics.framework; path = System/Library/Frameworks/CoreGraphics.framework; sourceTree = SDKROOT; };
		DD8D8DA31482B24000B275FE /* SimpleTable-Info.plist */ = {isa = PBXFileReference; lastKnownFileType = text.plist.xml; path = "SimpleTable-Info.plist"; sourceTree = "<group>"; };
		DD8D8DA51482B24000B275FE /* en */ = {isa = PBXFileReference; lastKnownFileType = text.plist.strings; name = en; path = en.lproj/InfoPlist.strings; sourceTree = "<group>"; };
		DD8D8DA71482B24000B275FE /* main.m */ = {isa = PBXFileReference; lastKnownFileType = sourcecode.c.objc; path = main.m; sourceTree = "<group>"; };
		DD8D8DA91482B24000B275FE /* SimpleTable-Prefix.pch */ = {isa = PBXFileReference; lastKnownFileType = sourcecode.c.h; path = "SimpleTable-Prefix.pch"; sourceTree = "<group>"; };
		DD8D8DAA1482B24000B275FE /* SimpleTableAppDelegate.h */ = {isa = PBXFileReference; lastKnownFileType = sourcecode.c.h; path = SimpleTableAppDelegate.h; sourceTree = "<group>"; };
		DD8D8DAB1482B24000B275FE /* SimpleTableAppDelegate.m */ = {isa = PBXFileReference; lastKnownFileType = sourcecode.c.objc; path = SimpleTableAppDelegate.m; sourceTree = "<group>"; };
		DD8D8DAE1482B24000B275FE /* en */ = {isa = PBXFileReference; lastKnownFileType = file.xib; name = en; path = en.lproj/MainWindow.xib; sourceTree = "<group>"; };
		DD8D8DB01482B24000B275FE /* SimpleTableViewController.h */ = {isa = PBXFileReference; lastKnownFileType = sourcecode.c.h; path = SimpleTableViewController.h; sourceTree = "<group>"; };
		DD8D8DB11482B24000B275FE /* SimpleTableViewController.m */ = {isa = PBXFileReference; lastKnownFileType = sourcecode.c.objc; path = SimpleTableViewController.m; sourceTree = "<group>"; };
		DD8D8DB41482B24000B275FE /* en */ = {isa = PBXFileReference; lastKnownFileType = file.xib; name = en; path = en.lproj/SimpleTableViewController.xib; sourceTree = "<group>"; };
/* End PBXFileReference section */

/* Begin PBXFrameworksBuildPhase section */
		DD8D8D941482B24000B275FE /* Frameworks */ = {
			isa = PBXFrameworksBuildPhase;
			buildActionMask = 2147483647;
			files = (
				DD8D8D9C1482B24000B275FE /* UIKit.framework in Frameworks */,
				DD8D8D9E1482B24000B275FE /* Foundation.framework in Frameworks */,
				DD8D8DA01482B24000B275FE /* CoreGraphics.framework in Frameworks */,
			);
			runOnlyForDeploymentPostprocessing = 0;
		};
/* End PBXFrameworksBuildPhase section */

/* Begin PBXGroup section */
		DD8D8D8C1482B24000B275FE = {
			isa = PBXGroup;
			children = (
				DD8D8DA11482B24000B275FE /* SimpleTable */,
				DD8D8D9A1482B24000B275FE /* Frameworks */,
				DD8D8D981482B24000B275FE /* Products */,
			);
			sourceTree = "<group>";
		};
		DD8D8D981482B24000B275FE /* Products */ = {
			isa = PBXGroup;
			children = (
				DD8D8D971482B24000B275FE /* SimpleTable.app */,
			);
			name = Products;
			sourceTree = "<group>";
		};
		DD8D8D9A1482B24000B275FE /* Frameworks */ = {
			isa = PBXGroup;
			children = (
				DD8D8D9B1482B24000B275FE /* UIKit.framework */,
				DD8D8D9D1482B24000B275FE /* Foundation.framework */,
				DD8D8D9F1482B24000B275FE /* CoreGraphics.framework */,
			);
			name = Frameworks;
			sourceTree = "<group>";
		};
		DD8D8DA11482B24000B275FE /* SimpleTable */ = {
			isa = PBXGroup;
			children = (
				DD8D8DAA1482B24000B275FE /* SimpleTableAppDelegate.h */,
				DD8D8DAB1482B24000B275FE /* SimpleTableAppDelegate.m */,
				DD8D8DAD1482B24000B275FE /* MainWindow.xib */,
				DD8D8DB01482B24000B275FE /* SimpleTableViewController.h */,
				DD8D8DB11482B24000B275FE /* SimpleTableViewController.m */,
				DD8D8DB31482B24000B275FE /* SimpleTableViewController.xib */,
				DD8D8DA21482B24000B275FE /* Supporting Files */,
			);
			path = SimpleTable;
			sourceTree = "<group>";
		};
		DD8D8DA21482B24000B275FE /* Supporting Files */ = {
			isa = PBXGroup;
			children = (
				DD8D8DA31482B24000B275FE /* SimpleTable-Info.plist */,
				DD8D8DA41482B24000B275FE /* InfoPlist.strings */,
				DD8D8DA71482B24000B275FE /* main.m */,
				DD8D8DA91482B24000B275FE /* SimpleTable-Prefix.pch */,
			);
			name = "Supporting Files";
			sourceTree = "<group>";
		};
/* End PBXGroup section */

/* Begin PBXNativeTarget section */
		DD8D8D961482B24000B275FE /* SimpleTable */ = {
			isa = PBXNativeTarget;
			buildConfigurationList = DD8D8DB81482B24000B275FE /* Build configuration list for PBXNativeTarget "SimpleTable" */;
			buildPhases = (
				DD8D8D931482B24000B275FE /* Sources */,
				DD8D8D941482B24000B275FE /* Frameworks */,
				DD8D8D951482B24000B275FE /* Resources */,
			);
			buildRules = (
			);
			dependencies = (
			);
			name = SimpleTable;
			productName = SimpleTable;
			productReference = DD8D8D971482B24000B275FE /* SimpleTable.app */;
			productType = "com.apple.product-type.application";
		};
/* End PBXNativeTarget section */

/* Begin PBXProject section */
		DD8D8D8E1482B24000B275FE /* Project object */ = {
			isa = PBXProject;
			buildConfigurationList = DD8D8D911482B24000B275FE /* Build configuration list for PBXProject "SimpleTable" */;
			compatibilityVersion = "Xcode 3.2";
			developmentRegion = English;
			hasScannedForEncodings = 0;
			knownRegions = (
				en,
			);
			mainGroup = DD8D8D8C1482B24000B275FE;
			productRefGroup = DD8D8D981482B24000B275FE /* Products */;
			projectDirPath = "";
			projectRoot = "";
			targets = (
				DD8D8D961482B24000B275FE /* SimpleTable */,
			);
		};
/* End PBXProject section */

/* Begin PBXResourcesBuildPhase section */
		DD8D8D951482B24000B275FE /* Resources */ = {
			isa = PBXResourcesBuildPhase;
			buildActionMask = 2147483647;
			files = (
				DD8D8DA61482B24000B275FE /* InfoPlist.strings in Resources */,
				DD8D8DAF1482B24000B275FE /* MainWindow.xib in Resources */,
				DD8D8DB51482B24000B275FE /* SimpleTableViewController.xib in Resources */,
			);
			runOnlyForDeploymentPostprocessing = 0;
		};
/* End PBXResourcesBuildPhase section */

/* Begin PBXSourcesBuildPhase section */
		DD8D8D931482B24000B275FE /* Sources */ = {
			isa = PBXSourcesBuildPhase;
			buildActionMask = 2147483647;
			files = (
				DD8D8DA81482B24000B275FE /* main.m in Sources */,
				DD8D8DAC1482B24000B275FE /* SimpleTableAppDelegate.m in Sources */,
				DD8D8DB21482B24000B275FE /* SimpleTableViewController.m in Sources */,
			);
			runOnlyForDeploymentPostprocessing = 0;
		};
/* End PBXSourcesBuildPhase section */

/* Begin PBXVariantGroup section */
		DD8D8DA41482B24000B275FE /* InfoPlist.strings */ = {
			isa = PBXVariantGroup;
			children = (
				DD8D8DA51482B24000B275FE /* en */,
			);
			name = InfoPlist.strings;
			sourceTree = "<group>";
		};
		DD8D8DAD1482B24000B275FE /* MainWindow.xib */ = {
			isa = PBXVariantGroup;
			children = (
				DD8D8DAE1482B24000B275FE /* en */,
			);
			name = MainWindow.xib;
			sourceTree = "<group>";
		};
		DD8D8DB31482B24000B275FE /* SimpleTableViewController.xib */ = {
			isa = PBXVariantGroup;
			children = (
				DD8D8DB41482B24000B275FE /* en */,
			);
			name = SimpleTableViewController.xib;
			sourceTree = "<group>";
		};
/* End PBXVariantGroup section */

/* Begin XCBuildConfiguration section */
		DD8D8DB61482B24000B275FE /* Debug */ = {
			isa = XCBuildConfiguration;
			buildSettings = {
				ALWAYS_SEARCH_USER_PATHS = NO;
				ARCHS = "$(ARCHS_STANDARD_32_BIT)";
				"CODE_SIGN_IDENTITY[sdk=iphoneos*]" = "iPhone Developer";
				COPY_PHASE_STRIP = NO;
				GCC_C_LANGUAGE_STANDARD = gnu99;
				GCC_DYNAMIC_NO_PIC = NO;
				GCC_OPTIMIZATION_LEVEL = 0;
				GCC_PREPROCESSOR_DEFINITIONS = (
					"DEBUG=1",
					"$(inherited)",
				);
				GCC_SYMBOLS_PRIVATE_EXTERN = NO;
				GCC_VERSION = com.apple.compilers.llvmgcc42;
				GCC_WARN_ABOUT_MISSING_PROTOTYPES = YES;
				GCC_WARN_ABOUT_RETURN_TYPE = YES;
				GCC_WARN_UNUSED_VARIABLE = YES;
				IPHONEOS_DEPLOYMENT_TARGET = 4.3;
				SDKROOT = iphoneos;
			};
			name = Debug;
		};
		DD8D8DB71482B24000B275FE /* Release */ = {
			isa = XCBuildConfiguration;
			buildSettings = {
				ALWAYS_SEARCH_USER_PATHS = NO;
				ARCHS = "$(ARCHS_STANDARD_32_BIT)";
				"CODE_SIGN_IDENTITY[sdk=iphoneos*]" = "iPhone Developer";
				COPY_PHASE_STRIP = YES;
				GCC_C_LANGUAGE_STANDARD = gnu99;
				GCC_VERSION = com.apple.compilers.llvmgcc42;
				GCC_WARN_ABOUT_MISSING_PROTOTYPES = YES;
				GCC_WARN_ABOUT_RETURN_TYPE = YES;
				GCC_WARN_UNUSED_VARIABLE = YES;
				IPHONEOS_DEPLOYMENT_TARGET = 4.3;
				OTHER_CFLAGS = "-DNS_BLOCK_ASSERTIONS=1";
				SDKROOT = iphoneos;
				VALIDATE_PRODUCT = YES;
			};
			name = Release;
		};
		DD8D8DB91482B24000B275FE /* Debug */ = {
			isa = XCBuildConfiguration;
			buildSettings = {
				GCC_PRECOMPILE_PREFIX_HEADER = YES;
				GCC_PREFIX_HEADER = "SimpleTable/SimpleTable-Prefix.pch";
				INFOPLIST_FILE = "SimpleTable/SimpleTable-Info.plist";
				PRODUCT_NAME = "$(TARGET_NAME)";
				WRAPPER_EXTENSION = app;
			};
			name = Debug;
		};
		DD8D8DBA1482B24000B275FE /* Release */ = {
			isa = XCBuildConfiguration;
			buildSettings = {
				GCC_PRECOMPILE_PREFIX_HEADER = YES;
				GCC_PREFIX_HEADER = "SimpleTable/SimpleTable-Prefix.pch";
				INFOPLIST_FILE = "SimpleTable/SimpleTable-Info.plist";
				PRODUCT_NAME = "$(TARGET_NAME)";
				WRAPPER_EXTENSION = app;
			};
			name = Release;
		};
/* End XCBuildConfiguration section */

/* Begin XCConfigurationList section */
		DD8D8D911482B24000B275FE /* Build configuration list for PBXProject "SimpleTable" */ = {
			isa = XCConfigurationList;
			buildConfigurations = (
				DD8D8DB61482B24000B275FE /* Debug */,
				DD8D8DB71482B24000B275FE /* Release */,
			);
			defaultConfigurationIsVisible = 0;
			defaultConfigurationName = Release;
		};
		DD8D8DB81482B24000B275FE /* Build configuration list for PBXNativeTarget "SimpleTable" */ = {
			isa = XCConfigurationList;
			buildConfigurations = (
				DD8D8DB91482B24000B275FE /* Debug */,
				DD8D8DBA1482B24000B275FE /* Release */,
			);
			defaultConfigurationIsVisible = 0;
		};
/* End XCConfigurationList section */
	};
	rootObject = DD8D8D8E1482B24000B275FE /* Project object */;
}
