// !$*UTF8*$!
{
	archiveVersion = 1;
	classes = {
	};
	objectVersion = 46;
	objects = {

/* Begin PBXBuildFile section */
		DD4109FD14758B2100258FD5 /* UIKit.framework in Frameworks */ = {isa = PBXBuildFile; fileRef = DD4109FC14758B2100258FD5 /* UIKit.framework */; };
		DD4109FF14758B2100258FD5 /* Foundation.framework in Frameworks */ = {isa = PBXBuildFile; fileRef = DD4109FE14758B2100258FD5 /* Foundation.framework */; };
		DD410A0114758B2100258FD5 /* CoreGraphics.framework in Frameworks */ = {isa = PBXBuildFile; fileRef = DD410A0014758B2100258FD5 /* CoreGraphics.framework */; };
		DD410A0714758B2100258FD5 /* InfoPlist.strings in Resources */ = {isa = PBXBuildFile; fileRef = DD410A0514758B2100258FD5 /* InfoPlist.strings */; };
		DD410A0914758B2100258FD5 /* main.m in Sources */ = {isa = PBXBuildFile; fileRef = DD410A0814758B2100258FD5 /* main.m */; };
		DD410A0D14758B2100258FD5 /* ButtonFunAppDelegate.m in Sources */ = {isa = PBXBuildFile; fileRef = DD410A0C14758B2100258FD5 /* ButtonFunAppDelegate.m */; };
		DD410A1014758B2100258FD5 /* MainWindow.xib in Resources */ = {isa = PBXBuildFile; fileRef = DD410A0E14758B2100258FD5 /* MainWindow.xib */; };
		DD410A1314758B2100258FD5 /* ButtonFunViewController.m in Sources */ = {isa = PBXBuildFile; fileRef = DD410A1214758B2100258FD5 /* ButtonFunViewController.m */; };
		DD410A1614758B2100258FD5 /* ButtonFunViewController.xib in Resources */ = {isa = PBXBuildFile; fileRef = DD410A1414758B2100258FD5 /* ButtonFunViewController.xib */; };
/* End PBXBuildFile section */

/* Begin PBXFileReference section */
		DD4109F814758B2100258FD5 /* ButtonFun.app */ = {isa = PBXFileReference; explicitFileType = wrapper.application; includeInIndex = 0; path = ButtonFun.app; sourceTree = BUILT_PRODUCTS_DIR; };
		DD4109FC14758B2100258FD5 /* UIKit.framework */ = {isa = PBXFileReference; lastKnownFileType = wrapper.framework; name = UIKit.framework; path = System/Library/Frameworks/UIKit.framework; sourceTree = SDKROOT; };
		DD4109FE14758B2100258FD5 /* Foundation.framework */ = {isa = PBXFileReference; lastKnownFileType = wrapper.framework; name = Foundation.framework; path = System/Library/Frameworks/Foundation.framework; sourceTree = SDKROOT; };
		DD410A0014758B2100258FD5 /* CoreGraphics.framework */ = {isa = PBXFileReference; lastKnownFileType = wrapper.framework; name = CoreGraphics.framework; path = System/Library/Frameworks/CoreGraphics.framework; sourceTree = SDKROOT; };
		DD410A0414758B2100258FD5 /* ButtonFun-Info.plist */ = {isa = PBXFileReference; lastKnownFileType = text.plist.xml; path = "ButtonFun-Info.plist"; sourceTree = "<group>"; };
		DD410A0614758B2100258FD5 /* en */ = {isa = PBXFileReference; lastKnownFileType = text.plist.strings; name = en; path = en.lproj/InfoPlist.strings; sourceTree = "<group>"; };
		DD410A0814758B2100258FD5 /* main.m */ = {isa = PBXFileReference; lastKnownFileType = sourcecode.c.objc; path = main.m; sourceTree = "<group>"; };
		DD410A0A14758B2100258FD5 /* ButtonFun-Prefix.pch */ = {isa = PBXFileReference; lastKnownFileType = sourcecode.c.h; path = "ButtonFun-Prefix.pch"; sourceTree = "<group>"; };
		DD410A0B14758B2100258FD5 /* ButtonFunAppDelegate.h */ = {isa = PBXFileReference; lastKnownFileType = sourcecode.c.h; path = ButtonFunAppDelegate.h; sourceTree = "<group>"; };
		DD410A0C14758B2100258FD5 /* ButtonFunAppDelegate.m */ = {isa = PBXFileReference; lastKnownFileType = sourcecode.c.objc; path = ButtonFunAppDelegate.m; sourceTree = "<group>"; };
		DD410A0F14758B2100258FD5 /* en */ = {isa = PBXFileReference; lastKnownFileType = file.xib; name = en; path = en.lproj/MainWindow.xib; sourceTree = "<group>"; };
		DD410A1114758B2100258FD5 /* ButtonFunViewController.h */ = {isa = PBXFileReference; lastKnownFileType = sourcecode.c.h; path = ButtonFunViewController.h; sourceTree = "<group>"; };
		DD410A1214758B2100258FD5 /* ButtonFunViewController.m */ = {isa = PBXFileReference; lastKnownFileType = sourcecode.c.objc; path = ButtonFunViewController.m; sourceTree = "<group>"; };
		DD410A1514758B2100258FD5 /* en */ = {isa = PBXFileReference; lastKnownFileType = file.xib; name = en; path = en.lproj/ButtonFunViewController.xib; sourceTree = "<group>"; };
/* End PBXFileReference section */

/* Begin PBXFrameworksBuildPhase section */
		DD4109F514758B2100258FD5 /* Frameworks */ = {
			isa = PBXFrameworksBuildPhase;
			buildActionMask = 2147483647;
			files = (
				DD4109FD14758B2100258FD5 /* UIKit.framework in Frameworks */,
				DD4109FF14758B2100258FD5 /* Foundation.framework in Frameworks */,
				DD410A0114758B2100258FD5 /* CoreGraphics.framework in Frameworks */,
			);
			runOnlyForDeploymentPostprocessing = 0;
		};
/* End PBXFrameworksBuildPhase section */

/* Begin PBXGroup section */
		DD4109ED14758B2100258FD5 = {
			isa = PBXGroup;
			children = (
				DD410A0214758B2100258FD5 /* ButtonFun */,
				DD4109FB14758B2100258FD5 /* Frameworks */,
				DD4109F914758B2100258FD5 /* Products */,
			);
			sourceTree = "<group>";
		};
		DD4109F914758B2100258FD5 /* Products */ = {
			isa = PBXGroup;
			children = (
				DD4109F814758B2100258FD5 /* ButtonFun.app */,
			);
			name = Products;
			sourceTree = "<group>";
		};
		DD4109FB14758B2100258FD5 /* Frameworks */ = {
			isa = PBXGroup;
			children = (
				DD4109FC14758B2100258FD5 /* UIKit.framework */,
				DD4109FE14758B2100258FD5 /* Foundation.framework */,
				DD410A0014758B2100258FD5 /* CoreGraphics.framework */,
			);
			name = Frameworks;
			sourceTree = "<group>";
		};
		DD410A0214758B2100258FD5 /* ButtonFun */ = {
			isa = PBXGroup;
			children = (
				DD410A0B14758B2100258FD5 /* ButtonFunAppDelegate.h */,
				DD410A0C14758B2100258FD5 /* ButtonFunAppDelegate.m */,
				DD410A0E14758B2100258FD5 /* MainWindow.xib */,
				DD410A1114758B2100258FD5 /* ButtonFunViewController.h */,
				DD410A1214758B2100258FD5 /* ButtonFunViewController.m */,
				DD410A1414758B2100258FD5 /* ButtonFunViewController.xib */,
				DD410A0314758B2100258FD5 /* Supporting Files */,
			);
			path = ButtonFun;
			sourceTree = "<group>";
		};
		DD410A0314758B2100258FD5 /* Supporting Files */ = {
			isa = PBXGroup;
			children = (
				DD410A0414758B2100258FD5 /* ButtonFun-Info.plist */,
				DD410A0514758B2100258FD5 /* InfoPlist.strings */,
				DD410A0814758B2100258FD5 /* main.m */,
				DD410A0A14758B2100258FD5 /* ButtonFun-Prefix.pch */,
			);
			name = "Supporting Files";
			sourceTree = "<group>";
		};
/* End PBXGroup section */

/* Begin PBXNativeTarget section */
		DD4109F714758B2100258FD5 /* ButtonFun */ = {
			isa = PBXNativeTarget;
			buildConfigurationList = DD410A1914758B2100258FD5 /* Build configuration list for PBXNativeTarget "ButtonFun" */;
			buildPhases = (
				DD4109F414758B2100258FD5 /* Sources */,
				DD4109F514758B2100258FD5 /* Frameworks */,
				DD4109F614758B2100258FD5 /* Resources */,
			);
			buildRules = (
			);
			dependencies = (
			);
			name = ButtonFun;
			productName = ButtonFun;
			productReference = DD4109F814758B2100258FD5 /* ButtonFun.app */;
			productType = "com.apple.product-type.application";
		};
/* End PBXNativeTarget section */

/* Begin PBXProject section */
		DD4109EF14758B2100258FD5 /* Project object */ = {
			isa = PBXProject;
			buildConfigurationList = DD4109F214758B2100258FD5 /* Build configuration list for PBXProject "ButtonFun" */;
			compatibilityVersion = "Xcode 3.2";
			developmentRegion = English;
			hasScannedForEncodings = 0;
			knownRegions = (
				en,
			);
			mainGroup = DD4109ED14758B2100258FD5;
			productRefGroup = DD4109F914758B2100258FD5 /* Products */;
			projectDirPath = "";
			projectRoot = "";
			targets = (
				DD4109F714758B2100258FD5 /* ButtonFun */,
			);
		};
/* End PBXProject section */

/* Begin PBXResourcesBuildPhase section */
		DD4109F614758B2100258FD5 /* Resources */ = {
			isa = PBXResourcesBuildPhase;
			buildActionMask = 2147483647;
			files = (
				DD410A0714758B2100258FD5 /* InfoPlist.strings in Resources */,
				DD410A1014758B2100258FD5 /* MainWindow.xib in Resources */,
				DD410A1614758B2100258FD5 /* ButtonFunViewController.xib in Resources */,
			);
			runOnlyForDeploymentPostprocessing = 0;
		};
/* End PBXResourcesBuildPhase section */

/* Begin PBXSourcesBuildPhase section */
		DD4109F414758B2100258FD5 /* Sources */ = {
			isa = PBXSourcesBuildPhase;
			buildActionMask = 2147483647;
			files = (
				DD410A0914758B2100258FD5 /* main.m in Sources */,
				DD410A0D14758B2100258FD5 /* ButtonFunAppDelegate.m in Sources */,
				DD410A1314758B2100258FD5 /* ButtonFunViewController.m in Sources */,
			);
			runOnlyForDeploymentPostprocessing = 0;
		};
/* End PBXSourcesBuildPhase section */

/* Begin PBXVariantGroup section */
		DD410A0514758B2100258FD5 /* InfoPlist.strings */ = {
			isa = PBXVariantGroup;
			children = (
				DD410A0614758B2100258FD5 /* en */,
			);
			name = InfoPlist.strings;
			sourceTree = "<group>";
		};
		DD410A0E14758B2100258FD5 /* MainWindow.xib */ = {
			isa = PBXVariantGroup;
			children = (
				DD410A0F14758B2100258FD5 /* en */,
			);
			name = MainWindow.xib;
			sourceTree = "<group>";
		};
		DD410A1414758B2100258FD5 /* ButtonFunViewController.xib */ = {
			isa = PBXVariantGroup;
			children = (
				DD410A1514758B2100258FD5 /* en */,
			);
			name = ButtonFunViewController.xib;
			sourceTree = "<group>";
		};
/* End PBXVariantGroup section */

/* Begin XCBuildConfiguration section */
		DD410A1714758B2100258FD5 /* Debug */ = {
			isa = XCBuildConfiguration;
			buildSettings = {
				ALWAYS_SEARCH_USER_PATHS = NO;
				ARCHS = "$(ARCHS_STANDARD_32_BIT)";
				"CODE_SIGN_IDENTITY[sdk=iphoneos*]" = "iPhone Developer";
				COPY_PHASE_STRIP = NO;
				GCC_C_LANGUAGE_STANDARD = gnu99;
				GCC_DYNAMIC_NO_PIC = NO;
				GCC_OPTIMIZATION_LEVEL = 0;
				GCC_PREPROCESSOR_DEFINITIONS = (
					"DEBUG=1",
					"$(inherited)",
				);
				GCC_SYMBOLS_PRIVATE_EXTERN = NO;
				GCC_VERSION = com.apple.compilers.llvmgcc42;
				GCC_WARN_ABOUT_MISSING_PROTOTYPES = YES;
				GCC_WARN_ABOUT_RETURN_TYPE = YES;
				GCC_WARN_UNUSED_VARIABLE = YES;
				IPHONEOS_DEPLOYMENT_TARGET = 4.3;
				SDKROOT = iphoneos;
			};
			name = Debug;
		};
		DD410A1814758B2100258FD5 /* Release */ = {
			isa = XCBuildConfiguration;
			buildSettings = {
				ALWAYS_SEARCH_USER_PATHS = NO;
				ARCHS = "$(ARCHS_STANDARD_32_BIT)";
				"CODE_SIGN_IDENTITY[sdk=iphoneos*]" = "iPhone Developer";
				COPY_PHASE_STRIP = YES;
				GCC_C_LANGUAGE_STANDARD = gnu99;
				GCC_VERSION = com.apple.compilers.llvmgcc42;
				GCC_WARN_ABOUT_MISSING_PROTOTYPES = YES;
				GCC_WARN_ABOUT_RETURN_TYPE = YES;
				GCC_WARN_UNUSED_VARIABLE = YES;
				IPHONEOS_DEPLOYMENT_TARGET = 4.3;
				OTHER_CFLAGS = "-DNS_BLOCK_ASSERTIONS=1";
				SDKROOT = iphoneos;
				VALIDATE_PRODUCT = YES;
			};
			name = Release;
		};
		DD410A1A14758B2100258FD5 /* Debug */ = {
			isa = XCBuildConfiguration;
			buildSettings = {
				GCC_PRECOMPILE_PREFIX_HEADER = YES;
				GCC_PREFIX_HEADER = "ButtonFun/ButtonFun-Prefix.pch";
				INFOPLIST_FILE = "ButtonFun/ButtonFun-Info.plist";
				PRODUCT_NAME = "$(TARGET_NAME)";
				WRAPPER_EXTENSION = app;
			};
			name = Debug;
		};
		DD410A1B14758B2100258FD5 /* Release */ = {
			isa = XCBuildConfiguration;
			buildSettings = {
				GCC_PRECOMPILE_PREFIX_HEADER = YES;
				GCC_PREFIX_HEADER = "ButtonFun/ButtonFun-Prefix.pch";
				INFOPLIST_FILE = "ButtonFun/ButtonFun-Info.plist";
				PRODUCT_NAME = "$(TARGET_NAME)";
				WRAPPER_EXTENSION = app;
			};
			name = Release;
		};
/* End XCBuildConfiguration section */

/* Begin XCConfigurationList section */
		DD4109F214758B2100258FD5 /* Build configuration list for PBXProject "ButtonFun" */ = {
			isa = XCConfigurationList;
			buildConfigurations = (
				DD410A1714758B2100258FD5 /* Debug */,
				DD410A1814758B2100258FD5 /* Release */,
			);
			defaultConfigurationIsVisible = 0;
			defaultConfigurationName = Release;
		};
		DD410A1914758B2100258FD5 /* Build configuration list for PBXNativeTarget "ButtonFun" */ = {
			isa = XCConfigurationList;
			buildConfigurations = (
				DD410A1A14758B2100258FD5 /* Debug */,
				DD410A1B14758B2100258FD5 /* Release */,
			);
			defaultConfigurationIsVisible = 0;
		};
/* End XCConfigurationList section */
	};
	rootObject = DD4109EF14758B2100258FD5 /* Project object */;
}
