// !$*UTF8*$!
{
	archiveVersion = 1;
	classes = {
	};
	objectVersion = 46;
	objects = {

/* Begin PBXBuildFile section */
		DD4109CA147580E800258FD5 /* UIKit.framework in Frameworks */ = {isa = PBXBuildFile; fileRef = DD4109C9147580E800258FD5 /* UIKit.framework */; };
		DD4109CC147580E800258FD5 /* Foundation.framework in Frameworks */ = {isa = PBXBuildFile; fileRef = DD4109CB147580E800258FD5 /* Foundation.framework */; };
		DD4109CE147580E800258FD5 /* CoreGraphics.framework in Frameworks */ = {isa = PBXBuildFile; fileRef = DD4109CD147580E800258FD5 /* CoreGraphics.framework */; };
		DD4109D4147580E800258FD5 /* InfoPlist.strings in Resources */ = {isa = PBXBuildFile; fileRef = DD4109D2147580E800258FD5 /* InfoPlist.strings */; };
		DD4109D6147580E800258FD5 /* main.m in Sources */ = {isa = PBXBuildFile; fileRef = DD4109D5147580E800258FD5 /* main.m */; };
		DD4109DA147580E800258FD5 /* HelloWorldAppDelegate.m in Sources */ = {isa = PBXBuildFile; fileRef = DD4109D9147580E800258FD5 /* HelloWorldAppDelegate.m */; };
		DD4109DD147580E800258FD5 /* MainWindow.xib in Resources */ = {isa = PBXBuildFile; fileRef = DD4109DB147580E800258FD5 /* MainWindow.xib */; };
		DD4109E0147580E800258FD5 /* HelloWorldViewController.m in Sources */ = {isa = PBXBuildFile; fileRef = DD4109DF147580E800258FD5 /* HelloWorldViewController.m */; };
		DD4109E3147580E800258FD5 /* HelloWorldViewController.xib in Resources */ = {isa = PBXBuildFile; fileRef = DD4109E1147580E800258FD5 /* HelloWorldViewController.xib */; };
		DD4109EA1475876B00258FD5 /* icon.png in Resources */ = {isa = PBXBuildFile; fileRef = DD4109E91475876B00258FD5 /* icon.png */; };
		DD4109EC1475885300258FD5 /* icon@2x.png in Resources */ = {isa = PBXBuildFile; fileRef = DD4109EB1475885300258FD5 /* icon@2x.png */; };
/* End PBXBuildFile section */

/* Begin PBXFileReference section */
		DD4109C5147580E800258FD5 /* HelloWorld.app */ = {isa = PBXFileReference; explicitFileType = wrapper.application; includeInIndex = 0; path = HelloWorld.app; sourceTree = BUILT_PRODUCTS_DIR; };
		DD4109C9147580E800258FD5 /* UIKit.framework */ = {isa = PBXFileReference; lastKnownFileType = wrapper.framework; name = UIKit.framework; path = System/Library/Frameworks/UIKit.framework; sourceTree = SDKROOT; };
		DD4109CB147580E800258FD5 /* Foundation.framework */ = {isa = PBXFileReference; lastKnownFileType = wrapper.framework; name = Foundation.framework; path = System/Library/Frameworks/Foundation.framework; sourceTree = SDKROOT; };
		DD4109CD147580E800258FD5 /* CoreGraphics.framework */ = {isa = PBXFileReference; lastKnownFileType = wrapper.framework; name = CoreGraphics.framework; path = System/Library/Frameworks/CoreGraphics.framework; sourceTree = SDKROOT; };
		DD4109D1147580E800258FD5 /* HelloWorld-Info.plist */ = {isa = PBXFileReference; lastKnownFileType = text.plist.xml; path = "HelloWorld-Info.plist"; sourceTree = "<group>"; };
		DD4109D3147580E800258FD5 /* en */ = {isa = PBXFileReference; lastKnownFileType = text.plist.strings; name = en; path = en.lproj/InfoPlist.strings; sourceTree = "<group>"; };
		DD4109D5147580E800258FD5 /* main.m */ = {isa = PBXFileReference; lastKnownFileType = sourcecode.c.objc; path = main.m; sourceTree = "<group>"; };
		DD4109D7147580E800258FD5 /* HelloWorld-Prefix.pch */ = {isa = PBXFileReference; lastKnownFileType = sourcecode.c.h; path = "HelloWorld-Prefix.pch"; sourceTree = "<group>"; };
		DD4109D8147580E800258FD5 /* HelloWorldAppDelegate.h */ = {isa = PBXFileReference; lastKnownFileType = sourcecode.c.h; path = HelloWorldAppDelegate.h; sourceTree = "<group>"; };
		DD4109D9147580E800258FD5 /* HelloWorldAppDelegate.m */ = {isa = PBXFileReference; lastKnownFileType = sourcecode.c.objc; path = HelloWorldAppDelegate.m; sourceTree = "<group>"; };
		DD4109DC147580E800258FD5 /* en */ = {isa = PBXFileReference; lastKnownFileType = file.xib; name = en; path = en.lproj/MainWindow.xib; sourceTree = "<group>"; };
		DD4109DE147580E800258FD5 /* HelloWorldViewController.h */ = {isa = PBXFileReference; lastKnownFileType = sourcecode.c.h; path = HelloWorldViewController.h; sourceTree = "<group>"; };
		DD4109DF147580E800258FD5 /* HelloWorldViewController.m */ = {isa = PBXFileReference; lastKnownFileType = sourcecode.c.objc; path = HelloWorldViewController.m; sourceTree = "<group>"; };
		DD4109E2147580E800258FD5 /* en */ = {isa = PBXFileReference; lastKnownFileType = file.xib; name = en; path = en.lproj/HelloWorldViewController.xib; sourceTree = "<group>"; };
		DD4109E91475876B00258FD5 /* icon.png */ = {isa = PBXFileReference; lastKnownFileType = image.png; path = icon.png; sourceTree = "<group>"; };
		DD4109EB1475885300258FD5 /* icon@2x.png */ = {isa = PBXFileReference; lastKnownFileType = image.png; path = "icon@2x.png"; sourceTree = "<group>"; };
/* End PBXFileReference section */

/* Begin PBXFrameworksBuildPhase section */
		DD4109C2147580E800258FD5 /* Frameworks */ = {
			isa = PBXFrameworksBuildPhase;
			buildActionMask = 2147483647;
			files = (
				DD4109CA147580E800258FD5 /* UIKit.framework in Frameworks */,
				DD4109CC147580E800258FD5 /* Foundation.framework in Frameworks */,
				DD4109CE147580E800258FD5 /* CoreGraphics.framework in Frameworks */,
			);
			runOnlyForDeploymentPostprocessing = 0;
		};
/* End PBXFrameworksBuildPhase section */

/* Begin PBXGroup section */
		DD4109BA147580E800258FD5 = {
			isa = PBXGroup;
			children = (
				DD4109E91475876B00258FD5 /* icon.png */,
				DD4109EB1475885300258FD5 /* icon@2x.png */,
				DD4109CF147580E800258FD5 /* HelloWorld */,
				DD4109C8147580E800258FD5 /* Frameworks */,
				DD4109C6147580E800258FD5 /* Products */,
			);
			sourceTree = "<group>";
		};
		DD4109C6147580E800258FD5 /* Products */ = {
			isa = PBXGroup;
			children = (
				DD4109C5147580E800258FD5 /* HelloWorld.app */,
			);
			name = Products;
			sourceTree = "<group>";
		};
		DD4109C8147580E800258FD5 /* Frameworks */ = {
			isa = PBXGroup;
			children = (
				DD4109C9147580E800258FD5 /* UIKit.framework */,
				DD4109CB147580E800258FD5 /* Foundation.framework */,
				DD4109CD147580E800258FD5 /* CoreGraphics.framework */,
			);
			name = Frameworks;
			sourceTree = "<group>";
		};
		DD4109CF147580E800258FD5 /* HelloWorld */ = {
			isa = PBXGroup;
			children = (
				DD4109D8147580E800258FD5 /* HelloWorldAppDelegate.h */,
				DD4109D9147580E800258FD5 /* HelloWorldAppDelegate.m */,
				DD4109DB147580E800258FD5 /* MainWindow.xib */,
				DD4109DE147580E800258FD5 /* HelloWorldViewController.h */,
				DD4109DF147580E800258FD5 /* HelloWorldViewController.m */,
				DD4109E1147580E800258FD5 /* HelloWorldViewController.xib */,
				DD4109D0147580E800258FD5 /* Supporting Files */,
			);
			path = HelloWorld;
			sourceTree = "<group>";
		};
		DD4109D0147580E800258FD5 /* Supporting Files */ = {
			isa = PBXGroup;
			children = (
				DD4109D1147580E800258FD5 /* HelloWorld-Info.plist */,
				DD4109D2147580E800258FD5 /* InfoPlist.strings */,
				DD4109D5147580E800258FD5 /* main.m */,
				DD4109D7147580E800258FD5 /* HelloWorld-Prefix.pch */,
			);
			name = "Supporting Files";
			sourceTree = "<group>";
		};
/* End PBXGroup section */

/* Begin PBXNativeTarget section */
		DD4109C4147580E800258FD5 /* HelloWorld */ = {
			isa = PBXNativeTarget;
			buildConfigurationList = DD4109E6147580E800258FD5 /* Build configuration list for PBXNativeTarget "HelloWorld" */;
			buildPhases = (
				DD4109C1147580E800258FD5 /* Sources */,
				DD4109C2147580E800258FD5 /* Frameworks */,
				DD4109C3147580E800258FD5 /* Resources */,
			);
			buildRules = (
			);
			dependencies = (
			);
			name = HelloWorld;
			productName = HelloWorld;
			productReference = DD4109C5147580E800258FD5 /* HelloWorld.app */;
			productType = "com.apple.product-type.application";
		};
/* End PBXNativeTarget section */

/* Begin PBXProject section */
		DD4109BC147580E800258FD5 /* Project object */ = {
			isa = PBXProject;
			buildConfigurationList = DD4109BF147580E800258FD5 /* Build configuration list for PBXProject "HelloWorld" */;
			compatibilityVersion = "Xcode 3.2";
			developmentRegion = English;
			hasScannedForEncodings = 0;
			knownRegions = (
				en,
			);
			mainGroup = DD4109BA147580E800258FD5;
			productRefGroup = DD4109C6147580E800258FD5 /* Products */;
			projectDirPath = "";
			projectRoot = "";
			targets = (
				DD4109C4147580E800258FD5 /* HelloWorld */,
			);
		};
/* End PBXProject section */

/* Begin PBXResourcesBuildPhase section */
		DD4109C3147580E800258FD5 /* Resources */ = {
			isa = PBXResourcesBuildPhase;
			buildActionMask = 2147483647;
			files = (
				DD4109D4147580E800258FD5 /* InfoPlist.strings in Resources */,
				DD4109DD147580E800258FD5 /* MainWindow.xib in Resources */,
				DD4109E3147580E800258FD5 /* HelloWorldViewController.xib in Resources */,
				DD4109EA1475876B00258FD5 /* icon.png in Resources */,
				DD4109EC1475885300258FD5 /* icon@2x.png in Resources */,
			);
			runOnlyForDeploymentPostprocessing = 0;
		};
/* End PBXResourcesBuildPhase section */

/* Begin PBXSourcesBuildPhase section */
		DD4109C1147580E800258FD5 /* Sources */ = {
			isa = PBXSourcesBuildPhase;
			buildActionMask = 2147483647;
			files = (
				DD4109D6147580E800258FD5 /* main.m in Sources */,
				DD4109DA147580E800258FD5 /* HelloWorldAppDelegate.m in Sources */,
				DD4109E0147580E800258FD5 /* HelloWorldViewController.m in Sources */,
			);
			runOnlyForDeploymentPostprocessing = 0;
		};
/* End PBXSourcesBuildPhase section */

/* Begin PBXVariantGroup section */
		DD4109D2147580E800258FD5 /* InfoPlist.strings */ = {
			isa = PBXVariantGroup;
			children = (
				DD4109D3147580E800258FD5 /* en */,
			);
			name = InfoPlist.strings;
			sourceTree = "<group>";
		};
		DD4109DB147580E800258FD5 /* MainWindow.xib */ = {
			isa = PBXVariantGroup;
			children = (
				DD4109DC147580E800258FD5 /* en */,
			);
			name = MainWindow.xib;
			sourceTree = "<group>";
		};
		DD4109E1147580E800258FD5 /* HelloWorldViewController.xib */ = {
			isa = PBXVariantGroup;
			children = (
				DD4109E2147580E800258FD5 /* en */,
			);
			name = HelloWorldViewController.xib;
			sourceTree = "<group>";
		};
/* End PBXVariantGroup section */

/* Begin XCBuildConfiguration section */
		DD4109E4147580E800258FD5 /* Debug */ = {
			isa = XCBuildConfiguration;
			buildSettings = {
				ALWAYS_SEARCH_USER_PATHS = NO;
				ARCHS = "$(ARCHS_STANDARD_32_BIT)";
				"CODE_SIGN_IDENTITY[sdk=iphoneos*]" = "iPhone Developer";
				COPY_PHASE_STRIP = NO;
				GCC_C_LANGUAGE_STANDARD = gnu99;
				GCC_DYNAMIC_NO_PIC = NO;
				GCC_OPTIMIZATION_LEVEL = 0;
				GCC_PREPROCESSOR_DEFINITIONS = (
					"DEBUG=1",
					"$(inherited)",
				);
				GCC_SYMBOLS_PRIVATE_EXTERN = NO;
				GCC_VERSION = com.apple.compilers.llvmgcc42;
				GCC_WARN_ABOUT_MISSING_PROTOTYPES = YES;
				GCC_WARN_ABOUT_RETURN_TYPE = YES;
				GCC_WARN_UNUSED_VARIABLE = YES;
				IPHONEOS_DEPLOYMENT_TARGET = 4.3;
				SDKROOT = iphoneos;
			};
			name = Debug;
		};
		DD4109E5147580E800258FD5 /* Release */ = {
			isa = XCBuildConfiguration;
			buildSettings = {
				ALWAYS_SEARCH_USER_PATHS = NO;
				ARCHS = "$(ARCHS_STANDARD_32_BIT)";
				"CODE_SIGN_IDENTITY[sdk=iphoneos*]" = "iPhone Developer";
				COPY_PHASE_STRIP = YES;
				GCC_C_LANGUAGE_STANDARD = gnu99;
				GCC_VERSION = com.apple.compilers.llvmgcc42;
				GCC_WARN_ABOUT_MISSING_PROTOTYPES = YES;
				GCC_WARN_ABOUT_RETURN_TYPE = YES;
				GCC_WARN_UNUSED_VARIABLE = YES;
				IPHONEOS_DEPLOYMENT_TARGET = 4.3;
				OTHER_CFLAGS = "-DNS_BLOCK_ASSERTIONS=1";
				SDKROOT = iphoneos;
				VALIDATE_PRODUCT = YES;
			};
			name = Release;
		};
		DD4109E7147580E800258FD5 /* Debug */ = {
			isa = XCBuildConfiguration;
			buildSettings = {
				GCC_PRECOMPILE_PREFIX_HEADER = YES;
				GCC_PREFIX_HEADER = "HelloWorld/HelloWorld-Prefix.pch";
				INFOPLIST_FILE = "HelloWorld/HelloWorld-Info.plist";
				PRODUCT_NAME = "$(TARGET_NAME)";
				WRAPPER_EXTENSION = app;
			};
			name = Debug;
		};
		DD4109E8147580E800258FD5 /* Release */ = {
			isa = XCBuildConfiguration;
			buildSettings = {
				GCC_PRECOMPILE_PREFIX_HEADER = YES;
				GCC_PREFIX_HEADER = "HelloWorld/HelloWorld-Prefix.pch";
				INFOPLIST_FILE = "HelloWorld/HelloWorld-Info.plist";
				PRODUCT_NAME = "$(TARGET_NAME)";
				WRAPPER_EXTENSION = app;
			};
			name = Release;
		};
/* End XCBuildConfiguration section */

/* Begin XCConfigurationList section */
		DD4109BF147580E800258FD5 /* Build configuration list for PBXProject "HelloWorld" */ = {
			isa = XCConfigurationList;
			buildConfigurations = (
				DD4109E4147580E800258FD5 /* Debug */,
				DD4109E5147580E800258FD5 /* Release */,
			);
			defaultConfigurationIsVisible = 0;
			defaultConfigurationName = Release;
		};
		DD4109E6147580E800258FD5 /* Build configuration list for PBXNativeTarget "HelloWorld" */ = {
			isa = XCConfigurationList;
			buildConfigurations = (
				DD4109E7147580E800258FD5 /* Debug */,
				DD4109E8147580E800258FD5 /* Release */,
			);
			defaultConfigurationIsVisible = 0;
		};
/* End XCConfigurationList section */
	};
	rootObject = DD4109BC147580E800258FD5 /* Project object */;
}
